// !$*UTF8*$!
{
	archiveVersion = 1;
	classes = {
	};
	objectVersion = 55;
	objects = {

/* Begin PBXBuildFile section */
		CDE6A4552826D657000F91F4 /* DJITello_Victor_de_BritoApp.swift in Sources */ = {isa = PBXBuildFile; fileRef = CDE6A4542826D657000F91F4 /* DJITello_Victor_de_BritoApp.swift */; };
		CDE6A4572826D657000F91F4 /* ContentView.swift in Sources */ = {isa = PBXBuildFile; fileRef = CDE6A4562826D657000F91F4 /* ContentView.swift */; };
		CDE6A4592826D659000F91F4 /* Assets.xcassets in Resources */ = {isa = PBXBuildFile; fileRef = CDE6A4582826D659000F91F4 /* Assets.xcassets */; };
		CDE6A45C2826D659000F91F4 /* Preview Assets.xcassets in Resources */ = {isa = PBXBuildFile; fileRef = CDE6A45B2826D659000F91F4 /* Preview Assets.xcassets */; };
		CDE6A4662826D659000F91F4 /* DJITello_Victor_de_BritoTests.swift in Sources */ = {isa = PBXBuildFile; fileRef = CDE6A4652826D659000F91F4 /* DJITello_Victor_de_BritoTests.swift */; };
		CDE6A4702826D659000F91F4 /* DJITello_Victor_de_BritoUITests.swift in Sources */ = {isa = PBXBuildFile; fileRef = CDE6A46F2826D659000F91F4 /* DJITello_Victor_de_BritoUITests.swift */; };
		CDE6A4722826D659000F91F4 /* DJITello_Victor_de_BritoUITestsLaunchTests.swift in Sources */ = {isa = PBXBuildFile; fileRef = CDE6A4712826D659000F91F4 /* DJITello_Victor_de_BritoUITestsLaunchTests.swift */; };
		CDE6A4832826E2EA000F91F4 /* TelloService.swift in Sources */ = {isa = PBXBuildFile; fileRef = CDE6A4822826E2EA000F91F4 /* TelloService.swift */; };
		CDE6A4872826E53B000F91F4 /* AppDelegate.swift in Sources */ = {isa = PBXBuildFile; fileRef = CDE6A4862826E53B000F91F4 /* AppDelegate.swift */; };
		CDE6A48C2826EC05000F91F4 /* TelloAddress.swift in Sources */ = {isa = PBXBuildFile; fileRef = CDE6A48B2826EC05000F91F4 /* TelloAddress.swift */; };
		CDE6A4902826EFB0000F91F4 /* TelloComands.swift in Sources */ = {isa = PBXBuildFile; fileRef = CDE6A48F2826EFB0000F91F4 /* TelloComands.swift */; };
/* End PBXBuildFile section */

/* Begin PBXContainerItemProxy section */
		CDE6A4622826D659000F91F4 /* PBXContainerItemProxy */ = {
			isa = PBXContainerItemProxy;
			containerPortal = CDE6A4492826D657000F91F4 /* Project object */;
			proxyType = 1;
			remoteGlobalIDString = CDE6A4502826D657000F91F4;
			remoteInfo = DJITello_Victor_de_Brito;
		};
		CDE6A46C2826D659000F91F4 /* PBXContainerItemProxy */ = {
			isa = PBXContainerItemProxy;
			containerPortal = CDE6A4492826D657000F91F4 /* Project object */;
			proxyType = 1;
			remoteGlobalIDString = CDE6A4502826D657000F91F4;
			remoteInfo = DJITello_Victor_de_Brito;
		};
/* End PBXContainerItemProxy section */

/* Begin PBXFileReference section */
		CDE6A4512826D657000F91F4 /* DJITello_Victor_de_Brito.app */ = {isa = PBXFileReference; explicitFileType = wrapper.application; includeInIndex = 0; path = DJITello_Victor_de_Brito.app; sourceTree = BUILT_PRODUCTS_DIR; };
		CDE6A4542826D657000F91F4 /* DJITello_Victor_de_BritoApp.swift */ = {isa = PBXFileReference; lastKnownFileType = sourcecode.swift; path = DJITello_Victor_de_BritoApp.swift; sourceTree = "<group>"; };
		CDE6A4562826D657000F91F4 /* ContentView.swift */ = {isa = PBXFileReference; lastKnownFileType = sourcecode.swift; path = ContentView.swift; sourceTree = "<group>"; };
		CDE6A4582826D659000F91F4 /* Assets.xcassets */ = {isa = PBXFileReference; lastKnownFileType = folder.assetcatalog; path = Assets.xcassets; sourceTree = "<group>"; };
		CDE6A45B2826D659000F91F4 /* Preview Assets.xcassets */ = {isa = PBXFileReference; lastKnownFileType = folder.assetcatalog; path = "Preview Assets.xcassets"; sourceTree = "<group>"; };
		CDE6A4612826D659000F91F4 /* DJITello_Victor_de_BritoTests.xctest */ = {isa = PBXFileReference; explicitFileType = wrapper.cfbundle; includeInIndex = 0; path = DJITello_Victor_de_BritoTests.xctest; sourceTree = BUILT_PRODUCTS_DIR; };
		CDE6A4652826D659000F91F4 /* DJITello_Victor_de_BritoTests.swift */ = {isa = PBXFileReference; lastKnownFileType = sourcecode.swift; path = DJITello_Victor_de_BritoTests.swift; sourceTree = "<group>"; };
		CDE6A46B2826D659000F91F4 /* DJITello_Victor_de_BritoUITests.xctest */ = {isa = PBXFileReference; explicitFileType = wrapper.cfbundle; includeInIndex = 0; path = DJITello_Victor_de_BritoUITests.xctest; sourceTree = BUILT_PRODUCTS_DIR; };
		CDE6A46F2826D659000F91F4 /* DJITello_Victor_de_BritoUITests.swift */ = {isa = PBXFileReference; lastKnownFileType = sourcecode.swift; path = DJITello_Victor_de_BritoUITests.swift; sourceTree = "<group>"; };
		CDE6A4712826D659000F91F4 /* DJITello_Victor_de_BritoUITestsLaunchTests.swift */ = {isa = PBXFileReference; lastKnownFileType = sourcecode.swift; path = DJITello_Victor_de_BritoUITestsLaunchTests.swift; sourceTree = "<group>"; };
		CDE6A4822826E2EA000F91F4 /* TelloService.swift */ = {isa = PBXFileReference; lastKnownFileType = sourcecode.swift; path = TelloService.swift; sourceTree = "<group>"; };
		CDE6A4862826E53B000F91F4 /* AppDelegate.swift */ = {isa = PBXFileReference; lastKnownFileType = sourcecode.swift; path = AppDelegate.swift; sourceTree = "<group>"; };
		CDE6A48A2826E8F8000F91F4 /* DJITello_Victor_de_Brito.entitlements */ = {isa = PBXFileReference; lastKnownFileType = text.plist.entitlements; path = DJITello_Victor_de_Brito.entitlements; sourceTree = "<group>"; };
		CDE6A48B2826EC05000F91F4 /* TelloAddress.swift */ = {isa = PBXFileReference; lastKnownFileType = sourcecode.swift; path = TelloAddress.swift; sourceTree = "<group>"; };
		CDE6A48F2826EFB0000F91F4 /* TelloComands.swift */ = {isa = PBXFileReference; lastKnownFileType = sourcecode.swift; path = TelloComands.swift; sourceTree = "<group>"; };
/* End PBXFileReference section */

/* Begin PBXFrameworksBuildPhase section */
		CDE6A44E2826D657000F91F4 /* Frameworks */ = {
			isa = PBXFrameworksBuildPhase;
			buildActionMask = 2147483647;
			files = (
			);
			runOnlyForDeploymentPostprocessing = 0;
		};
		CDE6A45E2826D659000F91F4 /* Frameworks */ = {
			isa = PBXFrameworksBuildPhase;
			buildActionMask = 2147483647;
			files = (
			);
			runOnlyForDeploymentPostprocessing = 0;
		};
		CDE6A4682826D659000F91F4 /* Frameworks */ = {
			isa = PBXFrameworksBuildPhase;
			buildActionMask = 2147483647;
			files = (
			);
			runOnlyForDeploymentPostprocessing = 0;
		};
/* End PBXFrameworksBuildPhase section */

/* Begin PBXGroup section */
		CDE6A4482826D657000F91F4 = {
			isa = PBXGroup;
			children = (
				CDE6A4532826D657000F91F4 /* DJITello_Victor_de_Brito */,
				CDE6A4642826D659000F91F4 /* DJITello_Victor_de_BritoTests */,
				CDE6A46E2826D659000F91F4 /* DJITello_Victor_de_BritoUITests */,
				CDE6A4522826D657000F91F4 /* Products */,
			);
			sourceTree = "<group>";
		};
		CDE6A4522826D657000F91F4 /* Products */ = {
			isa = PBXGroup;
			children = (
				CDE6A4512826D657000F91F4 /* DJITello_Victor_de_Brito.app */,
				CDE6A4612826D659000F91F4 /* DJITello_Victor_de_BritoTests.xctest */,
				CDE6A46B2826D659000F91F4 /* DJITello_Victor_de_BritoUITests.xctest */,
			);
			name = Products;
			sourceTree = "<group>";
		};
		CDE6A4532826D657000F91F4 /* DJITello_Victor_de_Brito */ = {
			isa = PBXGroup;
			children = (
				CDE6A48A2826E8F8000F91F4 /* DJITello_Victor_de_Brito.entitlements */,
				CDE6A47E2826E208000F91F4 /* View */,
				CDE6A47F2826E20F000F91F4 /* Model */,
				CDE6A4802826E218000F91F4 /* ViewModel */,
				CDE6A4812826E228000F91F4 /* App */,
				CDE6A4582826D659000F91F4 /* Assets.xcassets */,
				CDE6A45A2826D659000F91F4 /* Preview Content */,
			);
			path = DJITello_Victor_de_Brito;
			sourceTree = "<group>";
		};
		CDE6A45A2826D659000F91F4 /* Preview Content */ = {
			isa = PBXGroup;
			children = (
				CDE6A45B2826D659000F91F4 /* Preview Assets.xcassets */,
			);
			path = "Preview Content";
			sourceTree = "<group>";
		};
		CDE6A4642826D659000F91F4 /* DJITello_Victor_de_BritoTests */ = {
			isa = PBXGroup;
			children = (
				CDE6A4652826D659000F91F4 /* DJITello_Victor_de_BritoTests.swift */,
			);
			path = DJITello_Victor_de_BritoTests;
			sourceTree = "<group>";
		};
		CDE6A46E2826D659000F91F4 /* DJITello_Victor_de_BritoUITests */ = {
			isa = PBXGroup;
			children = (
				CDE6A46F2826D659000F91F4 /* DJITello_Victor_de_BritoUITests.swift */,
				CDE6A4712826D659000F91F4 /* DJITello_Victor_de_BritoUITestsLaunchTests.swift */,
			);
			path = DJITello_Victor_de_BritoUITests;
			sourceTree = "<group>";
		};
		CDE6A47E2826E208000F91F4 /* View */ = {
			isa = PBXGroup;
			children = (
				CDE6A4562826D657000F91F4 /* ContentView.swift */,
			);
			path = View;
			sourceTree = "<group>";
		};
		CDE6A47F2826E20F000F91F4 /* Model */ = {
			isa = PBXGroup;
			children = (
				CDE6A48B2826EC05000F91F4 /* TelloAddress.swift */,
			);
			path = Model;
			sourceTree = "<group>";
		};
		CDE6A4802826E218000F91F4 /* ViewModel */ = {
			isa = PBXGroup;
			children = (
				CDE6A4822826E2EA000F91F4 /* TelloService.swift */,
				CDE6A4862826E53B000F91F4 /* AppDelegate.swift */,
				CDE6A48F2826EFB0000F91F4 /* TelloComands.swift */,
			);
			path = ViewModel;
			sourceTree = "<group>";
		};
		CDE6A4812826E228000F91F4 /* App */ = {
			isa = PBXGroup;
			children = (
				CDE6A4542826D657000F91F4 /* DJITello_Victor_de_BritoApp.swift */,
			);
			path = App;
			sourceTree = "<group>";
		};
/* End PBXGroup section */

/* Begin PBXNativeTarget section */
		CDE6A4502826D657000F91F4 /* DJITello_Victor_de_Brito */ = {
			isa = PBXNativeTarget;
			buildConfigurationList = CDE6A4752826D659000F91F4 /* Build configuration list for PBXNativeTarget "DJITello_Victor_de_Brito" */;
			buildPhases = (
				CDE6A44D2826D657000F91F4 /* Sources */,
				CDE6A44E2826D657000F91F4 /* Frameworks */,
				CDE6A44F2826D657000F91F4 /* Resources */,
			);
			buildRules = (
			);
			dependencies = (
			);
			name = DJITello_Victor_de_Brito;
			productName = DJITello_Victor_de_Brito;
			productReference = CDE6A4512826D657000F91F4 /* DJITello_Victor_de_Brito.app */;
			productType = "com.apple.product-type.application";
		};
		CDE6A4602826D659000F91F4 /* DJITello_Victor_de_BritoTests */ = {
			isa = PBXNativeTarget;
			buildConfigurationList = CDE6A4782826D659000F91F4 /* Build configuration list for PBXNativeTarget "DJITello_Victor_de_BritoTests" */;
			buildPhases = (
				CDE6A45D2826D659000F91F4 /* Sources */,
				CDE6A45E2826D659000F91F4 /* Frameworks */,
				CDE6A45F2826D659000F91F4 /* Resources */,
			);
			buildRules = (
			);
			dependencies = (
				CDE6A4632826D659000F91F4 /* PBXTargetDependency */,
			);
			name = DJITello_Victor_de_BritoTests;
			productName = DJITello_Victor_de_BritoTests;
			productReference = CDE6A4612826D659000F91F4 /* DJITello_Victor_de_BritoTests.xctest */;
			productType = "com.apple.product-type.bundle.unit-test";
		};
		CDE6A46A2826D659000F91F4 /* DJITello_Victor_de_BritoUITests */ = {
			isa = PBXNativeTarget;
			buildConfigurationList = CDE6A47B2826D659000F91F4 /* Build configuration list for PBXNativeTarget "DJITello_Victor_de_BritoUITests" */;
			buildPhases = (
				CDE6A4672826D659000F91F4 /* Sources */,
				CDE6A4682826D659000F91F4 /* Frameworks */,
				CDE6A4692826D659000F91F4 /* Resources */,
			);
			buildRules = (
			);
			dependencies = (
				CDE6A46D2826D659000F91F4 /* PBXTargetDependency */,
			);
			name = DJITello_Victor_de_BritoUITests;
			productName = DJITello_Victor_de_BritoUITests;
			productReference = CDE6A46B2826D659000F91F4 /* DJITello_Victor_de_BritoUITests.xctest */;
			productType = "com.apple.product-type.bundle.ui-testing";
		};
/* End PBXNativeTarget section */

/* Begin PBXProject section */
		CDE6A4492826D657000F91F4 /* Project object */ = {
			isa = PBXProject;
			attributes = {
				BuildIndependentTargetsInParallel = 1;
				LastSwiftUpdateCheck = 1330;
				LastUpgradeCheck = 1330;
				TargetAttributes = {
					CDE6A4502826D657000F91F4 = {
						CreatedOnToolsVersion = 13.3.1;
					};
					CDE6A4602826D659000F91F4 = {
						CreatedOnToolsVersion = 13.3.1;
						TestTargetID = CDE6A4502826D657000F91F4;
					};
					CDE6A46A2826D659000F91F4 = {
						CreatedOnToolsVersion = 13.3.1;
						TestTargetID = CDE6A4502826D657000F91F4;
					};
				};
			};
			buildConfigurationList = CDE6A44C2826D657000F91F4 /* Build configuration list for PBXProject "DJITello_Victor_de_Brito" */;
			compatibilityVersion = "Xcode 13.0";
			developmentRegion = en;
			hasScannedForEncodings = 0;
			knownRegions = (
				en,
				Base,
			);
			mainGroup = CDE6A4482826D657000F91F4;
			productRefGroup = CDE6A4522826D657000F91F4 /* Products */;
			projectDirPath = "";
			projectRoot = "";
			targets = (
				CDE6A4502826D657000F91F4 /* DJITello_Victor_de_Brito */,
				CDE6A4602826D659000F91F4 /* DJITello_Victor_de_BritoTests */,
				CDE6A46A2826D659000F91F4 /* DJITello_Victor_de_BritoUITests */,
			);
		};
/* End PBXProject section */

/* Begin PBXResourcesBuildPhase section */
		CDE6A44F2826D657000F91F4 /* Resources */ = {
			isa = PBXResourcesBuildPhase;
			buildActionMask = 2147483647;
			files = (
				CDE6A45C2826D659000F91F4 /* Preview Assets.xcassets in Resources */,
				CDE6A4592826D659000F91F4 /* Assets.xcassets in Resources */,
			);
			runOnlyForDeploymentPostprocessing = 0;
		};
		CDE6A45F2826D659000F91F4 /* Resources */ = {
			isa = PBXResourcesBuildPhase;
			buildActionMask = 2147483647;
			files = (
			);
			runOnlyForDeploymentPostprocessing = 0;
		};
		CDE6A4692826D659000F91F4 /* Resources */ = {
			isa = PBXResourcesBuildPhase;
			buildActionMask = 2147483647;
			files = (
			);
			runOnlyForDeploymentPostprocessing = 0;
		};
/* End PBXResourcesBuildPhase section */

/* Begin PBXSourcesBuildPhase section */
		CDE6A44D2826D657000F91F4 /* Sources */ = {
			isa = PBXSourcesBuildPhase;
			buildActionMask = 2147483647;
			files = (
				CDE6A4832826E2EA000F91F4 /* TelloService.swift in Sources */,
				CDE6A4572826D657000F91F4 /* ContentView.swift in Sources */,
				CDE6A4902826EFB0000F91F4 /* TelloComands.swift in Sources */,
				CDE6A48C2826EC05000F91F4 /* TelloAddress.swift in Sources */,
				CDE6A4872826E53B000F91F4 /* AppDelegate.swift in Sources */,
				CDE6A4552826D657000F91F4 /* DJITello_Victor_de_BritoApp.swift in Sources */,
			);
			runOnlyForDeploymentPostprocessing = 0;
		};
		CDE6A45D2826D659000F91F4 /* Sources */ = {
			isa = PBXSourcesBuildPhase;
			buildActionMask = 2147483647;
			files = (
				CDE6A4662826D659000F91F4 /* DJITello_Victor_de_BritoTests.swift in Sources */,
			);
			runOnlyForDeploymentPostprocessing = 0;
		};
		CDE6A4672826D659000F91F4 /* Sources */ = {
			isa = PBXSourcesBuildPhase;
			buildActionMask = 2147483647;
			files = (
				CDE6A4722826D659000F91F4 /* DJITello_Victor_de_BritoUITestsLaunchTests.swift in Sources */,
				CDE6A4702826D659000F91F4 /* DJITello_Victor_de_BritoUITests.swift in Sources */,
			);
			runOnlyForDeploymentPostprocessing = 0;
		};
/* End PBXSourcesBuildPhase section */

/* Begin PBXTargetDependency section */
		CDE6A4632826D659000F91F4 /* PBXTargetDependency */ = {
			isa = PBXTargetDependency;
			target = CDE6A4502826D657000F91F4 /* DJITello_Victor_de_Brito */;
			targetProxy = CDE6A4622826D659000F91F4 /* PBXContainerItemProxy */;
		};
		CDE6A46D2826D659000F91F4 /* PBXTargetDependency */ = {
			isa = PBXTargetDependency;
			target = CDE6A4502826D657000F91F4 /* DJITello_Victor_de_Brito */;
			targetProxy = CDE6A46C2826D659000F91F4 /* PBXContainerItemProxy */;
		};
/* End PBXTargetDependency section */

/* Begin XCBuildConfiguration section */
		CDE6A4732826D659000F91F4 /* Debug */ = {
			isa = XCBuildConfiguration;
			buildSettings = {
				ALWAYS_SEARCH_USER_PATHS = NO;
				CLANG_ANALYZER_NONNULL = YES;
				CLANG_ANALYZER_NUMBER_OBJECT_CONVERSION = YES_AGGRESSIVE;
				CLANG_CXX_LANGUAGE_STANDARD = "gnu++17";
				CLANG_ENABLE_MODULES = YES;
				CLANG_ENABLE_OBJC_ARC = YES;
				CLANG_ENABLE_OBJC_WEAK = YES;
				CLANG_WARN_BLOCK_CAPTURE_AUTORELEASING = YES;
				CLANG_WARN_BOOL_CONVERSION = YES;
				CLANG_WARN_COMMA = YES;
				CLANG_WARN_CONSTANT_CONVERSION = YES;
				CLANG_WARN_DEPRECATED_OBJC_IMPLEMENTATIONS = YES;
				CLANG_WARN_DIRECT_OBJC_ISA_USAGE = YES_ERROR;
				CLANG_WARN_DOCUMENTATION_COMMENTS = YES;
				CLANG_WARN_EMPTY_BODY = YES;
				CLANG_WARN_ENUM_CONVERSION = YES;
				CLANG_WARN_INFINITE_RECURSION = YES;
				CLANG_WARN_INT_CONVERSION = YES;
				CLANG_WARN_NON_LITERAL_NULL_CONVERSION = YES;
				CLANG_WARN_OBJC_IMPLICIT_RETAIN_SELF = YES;
				CLANG_WARN_OBJC_LITERAL_CONVERSION = YES;
				CLANG_WARN_OBJC_ROOT_CLASS = YES_ERROR;
				CLANG_WARN_QUOTED_INCLUDE_IN_FRAMEWORK_HEADER = YES;
				CLANG_WARN_RANGE_LOOP_ANALYSIS = YES;
				CLANG_WARN_STRICT_PROTOTYPES = YES;
				CLANG_WARN_SUSPICIOUS_MOVE = YES;
				CLANG_WARN_UNGUARDED_AVAILABILITY = YES_AGGRESSIVE;
				CLANG_WARN_UNREACHABLE_CODE = YES;
				CLANG_WARN__DUPLICATE_METHOD_MATCH = YES;
				COPY_PHASE_STRIP = NO;
				DEBUG_INFORMATION_FORMAT = dwarf;
				ENABLE_STRICT_OBJC_MSGSEND = YES;
				ENABLE_TESTABILITY = YES;
				GCC_C_LANGUAGE_STANDARD = gnu11;
				GCC_DYNAMIC_NO_PIC = NO;
				GCC_NO_COMMON_BLOCKS = YES;
				GCC_OPTIMIZATION_LEVEL = 0;
				GCC_PREPROCESSOR_DEFINITIONS = (
					"DEBUG=1",
					"$(inherited)",
				);
				GCC_WARN_64_TO_32_BIT_CONVERSION = YES;
				GCC_WARN_ABOUT_RETURN_TYPE = YES_ERROR;
				GCC_WARN_UNDECLARED_SELECTOR = YES;
				GCC_WARN_UNINITIALIZED_AUTOS = YES_AGGRESSIVE;
				GCC_WARN_UNUSED_FUNCTION = YES;
				GCC_WARN_UNUSED_VARIABLE = YES;
				IPHONEOS_DEPLOYMENT_TARGET = 15.4;
				MTL_ENABLE_DEBUG_INFO = INCLUDE_SOURCE;
				MTL_FAST_MATH = YES;
				ONLY_ACTIVE_ARCH = YES;
				SDKROOT = iphoneos;
				SWIFT_ACTIVE_COMPILATION_CONDITIONS = DEBUG;
				SWIFT_OPTIMIZATION_LEVEL = "-Onone";
			};
			name = Debug;
		};
		CDE6A4742826D659000F91F4 /* Release */ = {
			isa = XCBuildConfiguration;
			buildSettings = {
				ALWAYS_SEARCH_USER_PATHS = NO;
				CLANG_ANALYZER_NONNULL = YES;
				CLANG_ANALYZER_NUMBER_OBJECT_CONVERSION = YES_AGGRESSIVE;
				CLANG_CXX_LANGUAGE_STANDARD = "gnu++17";
				CLANG_ENABLE_MODULES = YES;
				CLANG_ENABLE_OBJC_ARC = YES;
				CLANG_ENABLE_OBJC_WEAK = YES;
				CLANG_WARN_BLOCK_CAPTURE_AUTORELEASING = YES;
				CLANG_WARN_BOOL_CONVERSION = YES;
				CLANG_WARN_COMMA = YES;
				CLANG_WARN_CONSTANT_CONVERSION = YES;
				CLANG_WARN_DEPRECATED_OBJC_IMPLEMENTATIONS = YES;
				CLANG_WARN_DIRECT_OBJC_ISA_USAGE = YES_ERROR;
				CLANG_WARN_DOCUMENTATION_COMMENTS = YES;
				CLANG_WARN_EMPTY_BODY = YES;
				CLANG_WARN_ENUM_CONVERSION = YES;
				CLANG_WARN_INFINITE_RECURSION = YES;
				CLANG_WARN_INT_CONVERSION = YES;
				CLANG_WARN_NON_LITERAL_NULL_CONVERSION = YES;
				CLANG_WARN_OBJC_IMPLICIT_RETAIN_SELF = YES;
				CLANG_WARN_OBJC_LITERAL_CONVERSION = YES;
				CLANG_WARN_OBJC_ROOT_CLASS = YES_ERROR;
				CLANG_WARN_QUOTED_INCLUDE_IN_FRAMEWORK_HEADER = YES;
				CLANG_WARN_RANGE_LOOP_ANALYSIS = YES;
				CLANG_WARN_STRICT_PROTOTYPES = YES;
				CLANG_WARN_SUSPICIOUS_MOVE = YES;
				CLANG_WARN_UNGUARDED_AVAILABILITY = YES_AGGRESSIVE;
				CLANG_WARN_UNREACHABLE_CODE = YES;
				CLANG_WARN__DUPLICATE_METHOD_MATCH = YES;
				COPY_PHASE_STRIP = NO;
				DEBUG_INFORMATION_FORMAT = "dwarf-with-dsym";
				ENABLE_NS_ASSERTIONS = NO;
				ENABLE_STRICT_OBJC_MSGSEND = YES;
				GCC_C_LANGUAGE_STANDARD = gnu11;
				GCC_NO_COMMON_BLOCKS = YES;
				GCC_WARN_64_TO_32_BIT_CONVERSION = YES;
				GCC_WARN_ABOUT_RETURN_TYPE = YES_ERROR;
				GCC_WARN_UNDECLARED_SELECTOR = YES;
				GCC_WARN_UNINITIALIZED_AUTOS = YES_AGGRESSIVE;
				GCC_WARN_UNUSED_FUNCTION = YES;
				GCC_WARN_UNUSED_VARIABLE = YES;
				IPHONEOS_DEPLOYMENT_TARGET = 15.4;
				MTL_ENABLE_DEBUG_INFO = NO;
				MTL_FAST_MATH = YES;
				SDKROOT = iphoneos;
				SWIFT_COMPILATION_MODE = wholemodule;
				SWIFT_OPTIMIZATION_LEVEL = "-O";
				VALIDATE_PRODUCT = YES;
			};
			name = Release;
		};
		CDE6A4762826D659000F91F4 /* Debug */ = {
			isa = XCBuildConfiguration;
			buildSettings = {
				ASSETCATALOG_COMPILER_APPICON_NAME = AppIcon;
				ASSETCATALOG_COMPILER_GLOBAL_ACCENT_COLOR_NAME = AccentColor;
				CODE_SIGN_ENTITLEMENTS = DJITello_Victor_de_Brito/DJITello_Victor_de_Brito.entitlements;
				CODE_SIGN_STYLE = Automatic;
				CURRENT_PROJECT_VERSION = 1;
				DEVELOPMENT_ASSET_PATHS = "\"DJITello_Victor_de_Brito/Preview Content\"";
				DEVELOPMENT_TEAM = 9HBFB9D4T4;
				ENABLE_PREVIEWS = YES;
				GENERATE_INFOPLIST_FILE = YES;
				INFOPLIST_KEY_UIApplicationSceneManifest_Generation = YES;
				INFOPLIST_KEY_UIApplicationSupportsIndirectInputEvents = YES;
				INFOPLIST_KEY_UILaunchScreen_Generation = YES;
				INFOPLIST_KEY_UISupportedInterfaceOrientations_iPad = "UIInterfaceOrientationPortrait UIInterfaceOrientationPortraitUpsideDown UIInterfaceOrientationLandscapeLeft UIInterfaceOrientationLandscapeRight";
				INFOPLIST_KEY_UISupportedInterfaceOrientations_iPhone = "UIInterfaceOrientationPortrait UIInterfaceOrientationLandscapeLeft UIInterfaceOrientationLandscapeRight";
				LD_RUNPATH_SEARCH_PATHS = (
					"$(inherited)",
					"@executable_path/Frameworks",
				);
				MARKETING_VERSION = 1.0;
				PRODUCT_BUNDLE_IDENTIFIER = "com.victorbrito.djtello.DJITello-Victor-de-Brito";
				PRODUCT_NAME = "$(TARGET_NAME)";
				SWIFT_EMIT_LOC_STRINGS = YES;
				SWIFT_VERSION = 5.0;
				TARGETED_DEVICE_FAMILY = "1,2";
			};
			name = Debug;
		};
		CDE6A4772826D659000F91F4 /* Release */ = {
			isa = XCBuildConfiguration;
			buildSettings = {
				ASSETCATALOG_COMPILER_APPICON_NAME = AppIcon;
				ASSETCATALOG_COMPILER_GLOBAL_ACCENT_COLOR_NAME = AccentColor;
				CODE_SIGN_ENTITLEMENTS = DJITello_Victor_de_Brito/DJITello_Victor_de_Brito.entitlements;
				CODE_SIGN_STYLE = Automatic;
				CURRENT_PROJECT_VERSION = 1;
				DEVELOPMENT_ASSET_PATHS = "\"DJITello_Victor_de_Brito/Preview Content\"";
				DEVELOPMENT_TEAM = 9HBFB9D4T4;
				ENABLE_PREVIEWS = YES;
				GENERATE_INFOPLIST_FILE = YES;
				INFOPLIST_KEY_UIApplicationSceneManifest_Generation = YES;
				INFOPLIST_KEY_UIApplicationSupportsIndirectInputEvents = YES;
				INFOPLIST_KEY_UILaunchScreen_Generation = YES;
				INFOPLIST_KEY_UISupportedInterfaceOrientations_iPad = "UIInterfaceOrientationPortrait UIInterfaceOrientationPortraitUpsideDown UIInterfaceOrientationLandscapeLeft UIInterfaceOrientationLandscapeRight";
				INFOPLIST_KEY_UISupportedInterfaceOrientations_iPhone = "UIInterfaceOrientationPortrait UIInterfaceOrientationLandscapeLeft UIInterfaceOrientationLandscapeRight";
				LD_RUNPATH_SEARCH_PATHS = (
					"$(inherited)",
					"@executable_path/Frameworks",
				);
				MARKETING_VERSION = 1.0;
				PRODUCT_BUNDLE_IDENTIFIER = "com.victorbrito.djtello.DJITello-Victor-de-Brito";
				PRODUCT_NAME = "$(TARGET_NAME)";
				SWIFT_EMIT_LOC_STRINGS = YES;
				SWIFT_VERSION = 5.0;
				TARGETED_DEVICE_FAMILY = "1,2";
			};
			name = Release;
		};
		CDE6A4792826D659000F91F4 /* Debug */ = {
			isa = XCBuildConfiguration;
			buildSettings = {
				ALWAYS_EMBED_SWIFT_STANDARD_LIBRARIES = YES;
				BUNDLE_LOADER = "$(TEST_HOST)";
				CODE_SIGN_STYLE = Automatic;
				CURRENT_PROJECT_VERSION = 1;
				DEVELOPMENT_TEAM = 9HBFB9D4T4;
				GENERATE_INFOPLIST_FILE = YES;
				IPHONEOS_DEPLOYMENT_TARGET = 15.4;
				MARKETING_VERSION = 1.0;
				PRODUCT_BUNDLE_IDENTIFIER = "com.victorbrito.djtello.DJITello-Victor-de-BritoTests";
				PRODUCT_NAME = "$(TARGET_NAME)";
				SWIFT_EMIT_LOC_STRINGS = NO;
				SWIFT_VERSION = 5.0;
				TARGETED_DEVICE_FAMILY = "1,2";
				TEST_HOST = "$(BUILT_PRODUCTS_DIR)/DJITello_Victor_de_Brito.app/DJITello_Victor_de_Brito";
			};
			name = Debug;
		};
		CDE6A47A2826D659000F91F4 /* Release */ = {
			isa = XCBuildConfiguration;
			buildSettings = {
				ALWAYS_EMBED_SWIFT_STANDARD_LIBRARIES = YES;
				BUNDLE_LOADER = "$(TEST_HOST)";
				CODE_SIGN_STYLE = Automatic;
				CURRENT_PROJECT_VERSION = 1;
				DEVELOPMENT_TEAM = 9HBFB9D4T4;
				GENERATE_INFOPLIST_FILE = YES;
				IPHONEOS_DEPLOYMENT_TARGET = 15.4;
				MARKETING_VERSION = 1.0;
				PRODUCT_BUNDLE_IDENTIFIER = "com.victorbrito.djtello.DJITello-Victor-de-BritoTests";
				PRODUCT_NAME = "$(TARGET_NAME)";
				SWIFT_EMIT_LOC_STRINGS = NO;
				SWIFT_VERSION = 5.0;
				TARGETED_DEVICE_FAMILY = "1,2";
				TEST_HOST = "$(BUILT_PRODUCTS_DIR)/DJITello_Victor_de_Brito.app/DJITello_Victor_de_Brito";
			};
			name = Release;
		};
		CDE6A47C2826D659000F91F4 /* Debug */ = {
			isa = XCBuildConfiguration;
			buildSettings = {
				ALWAYS_EMBED_SWIFT_STANDARD_LIBRARIES = YES;
				CODE_SIGN_STYLE = Automatic;
				CURRENT_PROJECT_VERSION = 1;
				DEVELOPMENT_TEAM = 9HBFB9D4T4;
				GENERATE_INFOPLIST_FILE = YES;
				MARKETING_VERSION = 1.0;
				PRODUCT_BUNDLE_IDENTIFIER = "com.victorbrito.djtello.DJITello-Victor-de-BritoUITests";
				PRODUCT_NAME = "$(TARGET_NAME)";
				SWIFT_EMIT_LOC_STRINGS = NO;
				SWIFT_VERSION = 5.0;
				TARGETED_DEVICE_FAMILY = "1,2";
				TEST_TARGET_NAME = DJITello_Victor_de_Brito;
			};
			name = Debug;
		};
		CDE6A47D2826D659000F91F4 /* Release */ = {
			isa = XCBuildConfiguration;
			buildSettings = {
				ALWAYS_EMBED_SWIFT_STANDARD_LIBRARIES = YES;
				CODE_SIGN_STYLE = Automatic;
				CURRENT_PROJECT_VERSION = 1;
				DEVELOPMENT_TEAM = 9HBFB9D4T4;
				GENERATE_INFOPLIST_FILE = YES;
				MARKETING_VERSION = 1.0;
				PRODUCT_BUNDLE_IDENTIFIER = "com.victorbrito.djtello.DJITello-Victor-de-BritoUITests";
				PRODUCT_NAME = "$(TARGET_NAME)";
				SWIFT_EMIT_LOC_STRINGS = NO;
				SWIFT_VERSION = 5.0;
				TARGETED_DEVICE_FAMILY = "1,2";
				TEST_TARGET_NAME = DJITello_Victor_de_Brito;
			};
			name = Release;
		};
/* End XCBuildConfiguration section */

/* Begin XCConfigurationList section */
		CDE6A44C2826D657000F91F4 /* Build configuration list for PBXProject "DJITello_Victor_de_Brito" */ = {
			isa = XCConfigurationList;
			buildConfigurations = (
				CDE6A4732826D659000F91F4 /* Debug */,
				CDE6A4742826D659000F91F4 /* Release */,
			);
			defaultConfigurationIsVisible = 0;
			defaultConfigurationName = Release;
		};
		CDE6A4752826D659000F91F4 /* Build configuration list for PBXNativeTarget "DJITello_Victor_de_Brito" */ = {
			isa = XCConfigurationList;
			buildConfigurations = (
				CDE6A4762826D659000F91F4 /* Debug */,
				CDE6A4772826D659000F91F4 /* Release */,
			);
			defaultConfigurationIsVisible = 0;
			defaultConfigurationName = Release;
		};
		CDE6A4782826D659000F91F4 /* Build configuration list for PBXNativeTarget "DJITello_Victor_de_BritoTests" */ = {
			isa = XCConfigurationList;
			buildConfigurations = (
				CDE6A4792826D659000F91F4 /* Debug */,
				CDE6A47A2826D659000F91F4 /* Release */,
			);
			defaultConfigurationIsVisible = 0;
			defaultConfigurationName = Release;
		};
		CDE6A47B2826D659000F91F4 /* Build configuration list for PBXNativeTarget "DJITello_Victor_de_BritoUITests" */ = {
			isa = XCConfigurationList;
			buildConfigurations = (
				CDE6A47C2826D659000F91F4 /* Debug */,
				CDE6A47D2826D659000F91F4 /* Release */,
			);
			defaultConfigurationIsVisible = 0;
			defaultConfigurationName = Release;
		};
/* End XCConfigurationList section */
	};
	rootObject = CDE6A4492826D657000F91F4 /* Project object */;
}
